
Microsoft Visual Studio Solution File, Format Version 12.00
# Visual Studio Version 17
VisualStudioVersion = 17.8.34330.188
MinimumVisualStudioVersion = 10.0.40219.1
Project("{FAE04EC0-301F-11D3-BF4B-00C04F79EFBC}") = "EmployeeManagementSystem", "EmployeeManagementSystem\EmployeeManagementSystem.csproj", "{D251238E-7E69-42AE-9E16-82C55214CD3A}"
EndProject
Global
	GlobalSection(SolutionConfigurationPlatforms) = preSolution
		Debug|Any CPU = Debug|Any CPU
		Release|Any CPU = Release|Any CPU
	EndGlobalSection
	GlobalSection(ProjectConfigurationPlatforms) = postSolution
		{D251238E-7E69-42AE-9E16-82C55214CD3A}.Debug|Any CPU.ActiveCfg = Debug|Any CPU
		{D251238E-7E69-42AE-9E16-82C55214CD3A}.Debug|Any CPU.Build.0 = Debug|Any CPU
		{D251238E-7E69-42AE-9E16-82C55214CD3A}.Release|Any CPU.ActiveCfg = Release|Any CPU
		{D251238E-7E69-42AE-9E16-82C55214CD3A}.Release|Any CPU.Build.0 = Release|Any CPU
	EndGlobalSection
	GlobalSection(SolutionProperties) = preSolution
		HideSolutionNode = FALSE
	EndGlobalSection
	GlobalSection(ExtensibilityGlobals) = postSolution
		SolutionGuid = {069A5F6C-3E83-4BF4-9A3C-B4B1BFD60154}
	EndGlobalSection
EndGlobal
